// !$*UTF8*$!
{
	archiveVersion = 1;
	classes = {
	};
	objectVersion = 77;
	objects = {

/* Begin PBXBuildFile section */
		B00000000000000000000001 /* RaedStudentApp.swift in Sources */ = {isa = PBXBuildFile; fileRef = F00000000000000000000001 /* RaedStudentApp.swift */; };
		B00000000000000000000002 /* ModelsAndStore.swift in Sources */ = {isa = PBXBuildFile; fileRef = F00000000000000000000002 /* ModelsAndStore.swift */; };
		B00000000000000000000003 /* Components.swift in Sources */ = {isa = PBXBuildFile; fileRef = F00000000000000000000003 /* Components.swift */; };
		B00000000000000000000004 /* DashboardAndPlanViews.swift in Sources */ = {isa = PBXBuildFile; fileRef = F00000000000000000000004 /* DashboardAndPlanViews.swift */; };
		B00000000000000000000005 /* StudyViews.swift in Sources */ = {isa = PBXBuildFile; fileRef = F00000000000000000000005 /* StudyViews.swift */; };
		B00000000000000000000006 /* FinanceAndSettingsViews.swift in Sources */ = {isa = PBXBuildFile; fileRef = F00000000000000000000006 /* FinanceAndSettingsViews.swift */; };
		B00000000000000000000007 /* AIAndServices.swift in Sources */ = {isa = PBXBuildFile; fileRef = F00000000000000000000007 /* AIAndServices.swift */; };
		B00000000000000000000008 /* Assets.xcassets in Resources */ = {isa = PBXBuildFile; fileRef = F00000000000000000000008 /* Assets.xcassets */; };
/* End PBXBuildFile section */

/* Begin PBXFileReference section */
		F00000000000000000000001 /* RaedStudentApp.swift */ = {isa = PBXFileReference; lastKnownFileType = sourcecode.swift; path = RaedStudentApp.swift; sourceTree = "<group>"; };
		F00000000000000000000002 /* ModelsAndStore.swift */ = {isa = PBXFileReference; lastKnownFileType = sourcecode.swift; path = ModelsAndStore.swift; sourceTree = "<group>"; };
		F00000000000000000000003 /* Components.swift */ = {isa = PBXFileReference; lastKnownFileType = sourcecode.swift; path = Components.swift; sourceTree = "<group>"; };
		F00000000000000000000004 /* DashboardAndPlanViews.swift */ = {isa = PBXFileReference; lastKnownFileType = sourcecode.swift; path = DashboardAndPlanViews.swift; sourceTree = "<group>"; };
		F00000000000000000000005 /* StudyViews.swift */ = {isa = PBXFileReference; lastKnownFileType = sourcecode.swift; path = StudyViews.swift; sourceTree = "<group>"; };
		F00000000000000000000006 /* FinanceAndSettingsViews.swift */ = {isa = PBXFileReference; lastKnownFileType = sourcecode.swift; path = FinanceAndSettingsViews.swift; sourceTree = "<group>"; };
		F00000000000000000000007 /* AIAndServices.swift */ = {isa = PBXFileReference; lastKnownFileType = sourcecode.swift; path = AIAndServices.swift; sourceTree = "<group>"; };
		F00000000000000000000008 /* Assets.xcassets */ = {isa = PBXFileReference; lastKnownFileType = folder.assetcatalog; path = Assets.xcassets; sourceTree = "<group>"; };
		F00000000000000000000009 /* طلاب AEC.app */ = {isa = PBXFileReference; explicitFileType = wrapper.application; includeInIndex = 0; path = "طلاب AEC.app"; sourceTree = BUILT_PRODUCTS_DIR; };
		F0000000000000000000000A /* README_AR.md */ = {isa = PBXFileReference; lastKnownFileType = net.daringfireball.markdown; path = README_AR.md; sourceTree = "<group>"; };
		F0000000000000000000000B /* project.yml */ = {isa = PBXFileReference; lastKnownFileType = text.yaml; path = project.yml; sourceTree = "<group>"; };
/* End PBXFileReference section */

/* Begin PBXFrameworksBuildPhase section */
		A10000000000000000000001 /* Frameworks */ = {
			isa = PBXFrameworksBuildPhase;
			buildActionMask = 2147483647;
			files = (
			);
			runOnlyForDeploymentPostprocessing = 0;
		};
/* End PBXFrameworksBuildPhase section */

/* Begin PBXGroup section */
		A20000000000000000000001 = {
			isa = PBXGroup;
			children = (
				A20000000000000000000002 /* RaedStudent */,
				F0000000000000000000000A /* README_AR.md */,
				F0000000000000000000000B /* project.yml */,
				A20000000000000000000003 /* Products */,
			);
			sourceTree = "<group>";
		};
		A20000000000000000000002 /* RaedStudent */ = {
			isa = PBXGroup;
			children = (
				F00000000000000000000001 /* RaedStudentApp.swift */,
				F00000000000000000000002 /* ModelsAndStore.swift */,
				F00000000000000000000003 /* Components.swift */,
				F00000000000000000000004 /* DashboardAndPlanViews.swift */,
				F00000000000000000000005 /* StudyViews.swift */,
				F00000000000000000000006 /* FinanceAndSettingsViews.swift */,
				F00000000000000000000007 /* AIAndServices.swift */,
				F00000000000000000000008 /* Assets.xcassets */,
			);
			path = RaedStudent;
			sourceTree = "<group>";
		};
		A20000000000000000000003 /* Products */ = {
			isa = PBXGroup;
			children = (
				F00000000000000000000009 /* طلاب AEC.app */,
			);
			name = Products;
			sourceTree = "<group>";
		};
/* End PBXGroup section */

/* Begin PBXNativeTarget section */
		A30000000000000000000001 /* RaedStudent */ = {
			isa = PBXNativeTarget;
			buildConfigurationList = C00000000000000000000003 /* Build configuration list for PBXNativeTarget "RaedStudent" */;
			buildPhases = (
				A10000000000000000000002 /* Sources */,
				A10000000000000000000001 /* Frameworks */,
				A10000000000000000000003 /* Resources */,
			);
			buildRules = (
			);
			dependencies = (
			);
			name = RaedStudent;
			productName = RaedStudent;
			productReference = F00000000000000000000009 /* طلاب AEC.app */;
			productType = "com.apple.product-type.application";
		};
/* End PBXNativeTarget section */

/* Begin PBXProject section */
		A40000000000000000000001 /* Project object */ = {
			isa = PBXProject;
			attributes = {
				BuildIndependentTargetsInParallel = 1;
				LastSwiftUpdateCheck = 1600;
				LastUpgradeCheck = 1600;
				TargetAttributes = {
					A30000000000000000000001 = { CreatedOnToolsVersion = 16.0; };
				};
			};
			buildConfigurationList = C00000000000000000000001 /* Build configuration list for PBXProject "RaedStudent" */;
			compatibilityVersion = "Xcode 16.0";
			developmentRegion = en;
			hasScannedForEncodings = 0;
			knownRegions = (en, Base, ar);
			mainGroup = A20000000000000000000001;
			minimizedProjectReferenceProxies = 1;
			preferredProjectObjectVersion = 77;
			productRefGroup = A20000000000000000000003 /* Products */;
			projectDirPath = "";
			projectRoot = "";
			targets = (A30000000000000000000001 /* RaedStudent */);
		};
/* End PBXProject section */

/* Begin PBXResourcesBuildPhase section */
		A10000000000000000000003 /* Resources */ = {
			isa = PBXResourcesBuildPhase;
			buildActionMask = 2147483647;
			files = (B00000000000000000000008 /* Assets.xcassets in Resources */);
			runOnlyForDeploymentPostprocessing = 0;
		};
/* End PBXResourcesBuildPhase section */

/* Begin PBXSourcesBuildPhase section */
		A10000000000000000000002 /* Sources */ = {
			isa = PBXSourcesBuildPhase;
			buildActionMask = 2147483647;
			files = (
				B00000000000000000000001 /* RaedStudentApp.swift in Sources */,
				B00000000000000000000002 /* ModelsAndStore.swift in Sources */,
				B00000000000000000000003 /* Components.swift in Sources */,
				B00000000000000000000004 /* DashboardAndPlanViews.swift in Sources */,
				B00000000000000000000005 /* StudyViews.swift in Sources */,
				B00000000000000000000006 /* FinanceAndSettingsViews.swift in Sources */,
				B00000000000000000000007 /* AIAndServices.swift in Sources */,
			);
			runOnlyForDeploymentPostprocessing = 0;
		};
/* End PBXSourcesBuildPhase section */

/* Begin XCBuildConfiguration section */
		C00000000000000000000010 /* Debug */ = {
			isa = XCBuildConfiguration;
			buildSettings = {
				ALWAYS_SEARCH_USER_PATHS = NO;
				CLANG_ENABLE_MODULES = YES;
				DEBUG_INFORMATION_FORMAT = dwarf;
				ENABLE_TESTABILITY = YES;
				GCC_C_LANGUAGE_STANDARD = gnu17;
				IPHONEOS_DEPLOYMENT_TARGET = 14.3;
				ONLY_ACTIVE_ARCH = YES;
				SDKROOT = iphoneos;
				SWIFT_ACTIVE_COMPILATION_CONDITIONS = "DEBUG $(inherited)";
				SWIFT_OPTIMIZATION_LEVEL = "-Onone";
			};
			name = Debug;
		};
		C00000000000000000000011 /* Release */ = {
			isa = XCBuildConfiguration;
			buildSettings = {
				ALWAYS_SEARCH_USER_PATHS = NO;
				CLANG_ENABLE_MODULES = YES;
				DEBUG_INFORMATION_FORMAT = "dwarf-with-dsym";
				GCC_C_LANGUAGE_STANDARD = gnu17;
				IPHONEOS_DEPLOYMENT_TARGET = 14.3;
				SDKROOT = iphoneos;
				SWIFT_COMPILATION_MODE = wholemodule;
				VALIDATE_PRODUCT = YES;
			};
			name = Release;
		};
		C00000000000000000000012 /* Debug */ = {
			isa = XCBuildConfiguration;
			buildSettings = {
				ASSETCATALOG_COMPILER_ACCENT_COLOR_NAME = AccentColor;
				ASSETCATALOG_COMPILER_APPICON_NAME = AppIcon;
				CODE_SIGN_STYLE = Automatic;
				CURRENT_PROJECT_VERSION = 4;
				DEVELOPMENT_TEAM = "";
				GENERATE_INFOPLIST_FILE = YES;
				INFOPLIST_KEY_CFBundleDisplayName = "طلاب AEC";
				INFOPLIST_KEY_LSApplicationCategoryType = "public.app-category.education";
				INFOPLIST_KEY_NSCameraUsageDescription = "يحتاج طلاب AEC إلى الكاميرا لتصوير شرح المحاضرة وإرفاقه بالمقرر.";
				INFOPLIST_KEY_NSMicrophoneUsageDescription = "يحتاج طلاب AEC إلى الميكروفون لتسجيل شرح المحاضرة.";
				INFOPLIST_KEY_NSPhotoLibraryUsageDescription = "يحتاج طلاب AEC إلى الصور لإرفاق صور الشرح بالمقرر أو المحادثة.";
				INFOPLIST_KEY_UIApplicationSupportsIndirectInputEvents = YES;
				IPHONEOS_DEPLOYMENT_TARGET = 14.3;
				LD_RUNPATH_SEARCH_PATHS = ("$(inherited)", "@executable_path/Frameworks");
				MARKETING_VERSION = 2.0.0;
				PRODUCT_BUNDLE_IDENTIFIER = sa.raed.masari;
				PRODUCT_NAME = "طلاب AEC";
				SUPPORTED_PLATFORMS = "iphoneos iphonesimulator";
				SUPPORTS_MACCATALYST = NO;
				SWIFT_EMIT_LOC_STRINGS = YES;
				SWIFT_VERSION = 5.0;
				TARGETED_DEVICE_FAMILY = 1;
			};
			name = Debug;
		};
		C00000000000000000000013 /* Release */ = {
			isa = XCBuildConfiguration;
			buildSettings = {
				ASSETCATALOG_COMPILER_ACCENT_COLOR_NAME = AccentColor;
				ASSETCATALOG_COMPILER_APPICON_NAME = AppIcon;
				CODE_SIGN_STYLE = Automatic;
				CURRENT_PROJECT_VERSION = 4;
				DEVELOPMENT_TEAM = "";
				GENERATE_INFOPLIST_FILE = YES;
				INFOPLIST_KEY_CFBundleDisplayName = "طلاب AEC";
				INFOPLIST_KEY_LSApplicationCategoryType = "public.app-category.education";
				INFOPLIST_KEY_NSCameraUsageDescription = "يحتاج طلاب AEC إلى الكاميرا لتصوير شرح المحاضرة وإرفاقه بالمقرر.";
				INFOPLIST_KEY_NSMicrophoneUsageDescription = "يحتاج طلاب AEC إلى الميكروفون لتسجيل شرح المحاضرة.";
				INFOPLIST_KEY_NSPhotoLibraryUsageDescription = "يحتاج طلاب AEC إلى الصور لإرفاق صور الشرح بالمقرر أو المحادثة.";
				INFOPLIST_KEY_UIApplicationSupportsIndirectInputEvents = YES;
				IPHONEOS_DEPLOYMENT_TARGET = 14.3;
				LD_RUNPATH_SEARCH_PATHS = ("$(inherited)", "@executable_path/Frameworks");
				MARKETING_VERSION = 2.0.0;
				PRODUCT_BUNDLE_IDENTIFIER = sa.raed.masari;
				PRODUCT_NAME = "طلاب AEC";
				SUPPORTED_PLATFORMS = "iphoneos iphonesimulator";
				SUPPORTS_MACCATALYST = NO;
				SWIFT_EMIT_LOC_STRINGS = YES;
				SWIFT_VERSION = 5.0;
				TARGETED_DEVICE_FAMILY = 1;
			};
			name = Release;
		};
/* End XCBuildConfiguration section */

/* Begin XCConfigurationList section */
		C00000000000000000000001 /* Build configuration list for PBXProject "RaedStudent" */ = {
			isa = XCConfigurationList;
			buildConfigurations = (C00000000000000000000010 /* Debug */, C00000000000000000000011 /* Release */);
			defaultConfigurationIsVisible = 0;
			defaultConfigurationName = Release;
		};
		C00000000000000000000003 /* Build configuration list for PBXNativeTarget "RaedStudent" */ = {
			isa = XCConfigurationList;
			buildConfigurations = (C00000000000000000000012 /* Debug */, C00000000000000000000013 /* Release */);
			defaultConfigurationIsVisible = 0;
			defaultConfigurationName = Release;
		};
/* End XCConfigurationList section */
	};
	rootObject = A40000000000000000000001 /* Project object */;
}
